
Microsoft Visual Studio Solution File, Format Version 12.00
# Visual Studio Version 16
VisualStudioVersion = 16.0.31613.86
MinimumVisualStudioVersion = 10.0.40219.1
Project("{FAE04EC0-301F-11D3-BF4B-00C04F79EFBC}") = "QL_ChungCu", "QL_ChungCu\QL_ChungCu.csproj", "{03F08724-7313-4D83-A774-7B9449F400B6}"
EndProject
Global
	GlobalSection(SolutionConfigurationPlatforms) = preSolution
		Debug|Any CPU = Debug|Any CPU
		Release|Any CPU = Release|Any CPU
	EndGlobalSection
	GlobalSection(ProjectConfigurationPlatforms) = postSolution
		{03F08724-7313-4D83-A774-7B9449F400B6}.Debug|Any CPU.ActiveCfg = Debug|Any CPU
		{03F08724-7313-4D83-A774-7B9449F400B6}.Debug|Any CPU.Build.0 = Debug|Any CPU
		{03F08724-7313-4D83-A774-7B9449F400B6}.Release|Any CPU.ActiveCfg = Release|Any CPU
		{03F08724-7313-4D83-A774-7B9449F400B6}.Release|Any CPU.Build.0 = Release|Any CPU
	EndGlobalSection
	GlobalSection(SolutionProperties) = preSolution
		HideSolutionNode = FALSE
	EndGlobalSection
	GlobalSection(ExtensibilityGlobals) = postSolution
		SolutionGuid = {BD9C7DB6-86A2-4F9B-AC7C-7E672DC252AA}
	EndGlobalSection
EndGlobal
